// !$*UTF8*$!
{
	archiveVersion = 1;
	classes = {
	};
	objectVersion = 46;
	objects = {

/* Begin PBXBuildFile section */
		1D3623260D0F684500981E51 /* MWFeedParserAppDelegate.m in Sources */ = {isa = PBXBuildFile; fileRef = 1D3623250D0F684500981E51 /* MWFeedParserAppDelegate.m */; };
		1D60589B0D05DD56006BFB54 /* main.m in Sources */ = {isa = PBXBuildFile; fileRef = 29B97316FDCFA39411CA2CEA /* main.m */; };
		1D60589F0D05DD5A006BFB54 /* Foundation.framework in Frameworks */ = {isa = PBXBuildFile; fileRef = 1D30AB110D05D00D00671497 /* Foundation.framework */; };
		1DF5F4E00D08C38300B7A737 /* UIKit.framework in Frameworks */ = {isa = PBXBuildFile; fileRef = 1DF5F4DF0D08C38300B7A737 /* UIKit.framework */; };
		2892E4100DC94CBA00A64D0F /* CoreGraphics.framework in Frameworks */ = {isa = PBXBuildFile; fileRef = 2892E40F0DC94CBA00A64D0F /* CoreGraphics.framework */; };
		28AD73600D9D9599002E5188 /* MainWindow.xib in Resources */ = {isa = PBXBuildFile; fileRef = 28AD735F0D9D9599002E5188 /* MainWindow.xib */; };
		28F335F11007B36200424DE2 /* RootViewController.xib in Resources */ = {isa = PBXBuildFile; fileRef = 28F335F01007B36200424DE2 /* RootViewController.xib */; };
		2C801B0C14A2B23600A14ED1 /* MainWindow-iPad.xib in Resources */ = {isa = PBXBuildFile; fileRef = 2C801B0B14A2B23600A14ED1 /* MainWindow-iPad.xib */; };
		2C801B1814A40B8800A14ED1 /* WebViewController.m in Sources */ = {isa = PBXBuildFile; fileRef = 2C801B1614A40B8800A14ED1 /* WebViewController.m */; };
		2C801B1D14A9228D00A14ED1 /* Icon_57x57.png in Resources */ = {isa = PBXBuildFile; fileRef = 2C801B1B14A9228D00A14ED1 /* Icon_57x57.png */; };
		2C801B1E14A9228D00A14ED1 /* Icon_72x72.png in Resources */ = {isa = PBXBuildFile; fileRef = 2C801B1C14A9228D00A14ED1 /* Icon_72x72.png */; };
		2CD0E64214A2979A00AFDA37 /* KikinSdk.a in Frameworks */ = {isa = PBXBuildFile; fileRef = 2CD0E62E14A2979A00AFDA37 /* KikinSdk.a */; };
		2CD0E64314A2979A00AFDA37 /* KikinSdk.bundle in Resources */ = {isa = PBXBuildFile; fileRef = 2CD0E62F14A2979A00AFDA37 /* KikinSdk.bundle */; };
		2CD0E64614A29CC300AFDA37 /* Twitter.framework in Frameworks */ = {isa = PBXBuildFile; fileRef = 2CD0E64514A29CC300AFDA37 /* Twitter.framework */; settings = {ATTRIBUTES = (Weak, ); }; };
		2CD0E64814A29CD000AFDA37 /* Accounts.framework in Frameworks */ = {isa = PBXBuildFile; fileRef = 2CD0E64714A29CD000AFDA37 /* Accounts.framework */; settings = {ATTRIBUTES = (Weak, ); }; };
		2CD0E64A14A29CE300AFDA37 /* CoreText.framework in Frameworks */ = {isa = PBXBuildFile; fileRef = 2CD0E64914A29CE300AFDA37 /* CoreText.framework */; };
		2CD0E64C14A29CEB00AFDA37 /* CFNetwork.framework in Frameworks */ = {isa = PBXBuildFile; fileRef = 2CD0E64B14A29CEB00AFDA37 /* CFNetwork.framework */; };
		2CD0E64E14A29CF300AFDA37 /* AVFoundation.framework in Frameworks */ = {isa = PBXBuildFile; fileRef = 2CD0E64D14A29CF300AFDA37 /* AVFoundation.framework */; };
		2CD0E65014A29CFB00AFDA37 /* AddressBookUI.framework in Frameworks */ = {isa = PBXBuildFile; fileRef = 2CD0E64F14A29CFB00AFDA37 /* AddressBookUI.framework */; };
		2CD0E65214A29D0600AFDA37 /* AddressBook.framework in Frameworks */ = {isa = PBXBuildFile; fileRef = 2CD0E65114A29D0600AFDA37 /* AddressBook.framework */; };
		2CD0E65414A29D0C00AFDA37 /* MapKit.framework in Frameworks */ = {isa = PBXBuildFile; fileRef = 2CD0E65314A29D0C00AFDA37 /* MapKit.framework */; };
		2CD0E65614A29D1300AFDA37 /* MessageUI.framework in Frameworks */ = {isa = PBXBuildFile; fileRef = 2CD0E65514A29D1300AFDA37 /* MessageUI.framework */; };
		2CD0E65814A29D1A00AFDA37 /* MobileCoreServices.framework in Frameworks */ = {isa = PBXBuildFile; fileRef = 2CD0E65714A29D1A00AFDA37 /* MobileCoreServices.framework */; };
		2CD0E65A14A29D2100AFDA37 /* QuartzCore.framework in Frameworks */ = {isa = PBXBuildFile; fileRef = 2CD0E65914A29D2100AFDA37 /* QuartzCore.framework */; };
		2CD0E65C14A29D2800AFDA37 /* CoreLocation.framework in Frameworks */ = {isa = PBXBuildFile; fileRef = 2CD0E65B14A29D2800AFDA37 /* CoreLocation.framework */; };
		2CD0E65E14A29D2F00AFDA37 /* EventKit.framework in Frameworks */ = {isa = PBXBuildFile; fileRef = 2CD0E65D14A29D2F00AFDA37 /* EventKit.framework */; };
		2CD0E66014A29D3B00AFDA37 /* libz.dylib in Frameworks */ = {isa = PBXBuildFile; fileRef = 2CD0E65F14A29D3B00AFDA37 /* libz.dylib */; };
		4C65F2EB12085ACE00606CFC /* GTMNSString+HTML.m in Sources */ = {isa = PBXBuildFile; fileRef = 4C65F2EA12085ACE00606CFC /* GTMNSString+HTML.m */; };
		4C65F318120863F800606CFC /* NSString+HTML.m in Sources */ = {isa = PBXBuildFile; fileRef = 4C65F317120863F800606CFC /* NSString+HTML.m */; };
		4C661F44125E3F2D007F1792 /* NSDate+InternetDateTime.m in Sources */ = {isa = PBXBuildFile; fileRef = 4C661F43125E3F2D007F1792 /* NSDate+InternetDateTime.m */; };
		4C661F8B125E50FA007F1792 /* Icon.png in Resources */ = {isa = PBXBuildFile; fileRef = 4C661F8A125E50FA007F1792 /* Icon.png */; };
		4CAD0E1211DA03BD0086F5F8 /* DetailTableViewController.m in Sources */ = {isa = PBXBuildFile; fileRef = 4CAD0E1111DA03BD0086F5F8 /* DetailTableViewController.m */; };
		4CC89609119F0CED00ED61B6 /* MWFeedParser.m in Sources */ = {isa = PBXBuildFile; fileRef = 4CC89604119F0CED00ED61B6 /* MWFeedParser.m */; };
		4CC8960A119F0CED00ED61B6 /* MWFeedInfo.m in Sources */ = {isa = PBXBuildFile; fileRef = 4CC89606119F0CED00ED61B6 /* MWFeedInfo.m */; };
		4CC8960B119F0CED00ED61B6 /* MWFeedItem.m in Sources */ = {isa = PBXBuildFile; fileRef = 4CC89608119F0CED00ED61B6 /* MWFeedItem.m */; };
		4CC8960F119F0CFB00ED61B6 /* NSString+XMLEntities.m in Sources */ = {isa = PBXBuildFile; fileRef = 4CC8960E119F0CFB00ED61B6 /* NSString+XMLEntities.m */; };
		4CC89612119F0D0C00ED61B6 /* RootViewController.m in Sources */ = {isa = PBXBuildFile; fileRef = 4CC89611119F0D0C00ED61B6 /* RootViewController.m */; };
/* End PBXBuildFile section */

/* Begin PBXFileReference section */
		1D30AB110D05D00D00671497 /* Foundation.framework */ = {isa = PBXFileReference; lastKnownFileType = wrapper.framework; name = Foundation.framework; path = System/Library/Frameworks/Foundation.framework; sourceTree = SDKROOT; };
		1D3623240D0F684500981E51 /* MWFeedParserAppDelegate.h */ = {isa = PBXFileReference; fileEncoding = 4; lastKnownFileType = sourcecode.c.h; path = MWFeedParserAppDelegate.h; sourceTree = "<group>"; };
		1D3623250D0F684500981E51 /* MWFeedParserAppDelegate.m */ = {isa = PBXFileReference; fileEncoding = 4; lastKnownFileType = sourcecode.c.objc; path = MWFeedParserAppDelegate.m; sourceTree = "<group>"; };
		1D6058910D05DD3D006BFB54 /* MWFeedParser.app */ = {isa = PBXFileReference; explicitFileType = wrapper.application; includeInIndex = 0; path = MWFeedParser.app; sourceTree = BUILT_PRODUCTS_DIR; };
		1DF5F4DF0D08C38300B7A737 /* UIKit.framework */ = {isa = PBXFileReference; lastKnownFileType = wrapper.framework; name = UIKit.framework; path = System/Library/Frameworks/UIKit.framework; sourceTree = SDKROOT; };
		2892E40F0DC94CBA00A64D0F /* CoreGraphics.framework */ = {isa = PBXFileReference; lastKnownFileType = wrapper.framework; name = CoreGraphics.framework; path = System/Library/Frameworks/CoreGraphics.framework; sourceTree = SDKROOT; };
		28A0AAE50D9B0CCF005BE974 /* MWFeedParser_Prefix.pch */ = {isa = PBXFileReference; fileEncoding = 4; lastKnownFileType = sourcecode.c.h; path = MWFeedParser_Prefix.pch; sourceTree = "<group>"; };
		28AD735F0D9D9599002E5188 /* MainWindow.xib */ = {isa = PBXFileReference; lastKnownFileType = file.xib; path = MainWindow.xib; sourceTree = "<group>"; };
		28F335F01007B36200424DE2 /* RootViewController.xib */ = {isa = PBXFileReference; lastKnownFileType = file.xib; path = RootViewController.xib; sourceTree = "<group>"; };
		29B97316FDCFA39411CA2CEA /* main.m */ = {isa = PBXFileReference; fileEncoding = 4; lastKnownFileType = sourcecode.c.objc; path = main.m; sourceTree = "<group>"; };
		2C801B0B14A2B23600A14ED1 /* MainWindow-iPad.xib */ = {isa = PBXFileReference; lastKnownFileType = file.xib; name = "MainWindow-iPad.xib"; path = "iPad/MainWindow-iPad.xib"; sourceTree = "<group>"; };
		2C801B1514A40B8800A14ED1 /* WebViewController.h */ = {isa = PBXFileReference; fileEncoding = 4; lastKnownFileType = sourcecode.c.h; path = WebViewController.h; sourceTree = "<group>"; };
		2C801B1614A40B8800A14ED1 /* WebViewController.m */ = {isa = PBXFileReference; fileEncoding = 4; lastKnownFileType = sourcecode.c.objc; path = WebViewController.m; sourceTree = "<group>"; };
		2C801B1B14A9228D00A14ED1 /* Icon_57x57.png */ = {isa = PBXFileReference; lastKnownFileType = image.png; path = Icon_57x57.png; sourceTree = "<group>"; };
		2C801B1C14A9228D00A14ED1 /* Icon_72x72.png */ = {isa = PBXFileReference; lastKnownFileType = image.png; path = Icon_72x72.png; sourceTree = "<group>"; };
		2CD0E62E14A2979A00AFDA37 /* KikinSdk.a */ = {isa = PBXFileReference; lastKnownFileType = archive.ar; path = KikinSdk.a; sourceTree = "<group>"; };
		2CD0E62F14A2979A00AFDA37 /* KikinSdk.bundle */ = {isa = PBXFileReference; lastKnownFileType = "wrapper.plug-in"; path = KikinSdk.bundle; sourceTree = "<group>"; };
		2CD0E63014A2979A00AFDA37 /* KKNAnalyserEntity.h */ = {isa = PBXFileReference; fileEncoding = 4; lastKnownFileType = sourcecode.c.h; path = KKNAnalyserEntity.h; sourceTree = "<group>"; };
		2CD0E63114A2979A00AFDA37 /* KKNExtract.h */ = {isa = PBXFileReference; fileEncoding = 4; lastKnownFileType = sourcecode.c.h; path = KKNExtract.h; sourceTree = "<group>"; };
		2CD0E63214A2979A00AFDA37 /* KKNHighlightedViewConfig.h */ = {isa = PBXFileReference; fileEncoding = 4; lastKnownFileType = sourcecode.c.h; path = KKNHighlightedViewConfig.h; sourceTree = "<group>"; };
		2CD0E63314A2979A00AFDA37 /* KKNHighlightManager.h */ = {isa = PBXFileReference; fileEncoding = 4; lastKnownFileType = sourcecode.c.h; path = KKNHighlightManager.h; sourceTree = "<group>"; };
		2CD0E63414A2979A00AFDA37 /* KKNHighlightManagerActionDelegate.h */ = {isa = PBXFileReference; fileEncoding = 4; lastKnownFileType = sourcecode.c.h; path = KKNHighlightManagerActionDelegate.h; sourceTree = "<group>"; };
		2CD0E63514A2979A00AFDA37 /* KKNHighlightManagerDelegate.h */ = {isa = PBXFileReference; fileEncoding = 4; lastKnownFileType = sourcecode.c.h; path = KKNHighlightManagerDelegate.h; sourceTree = "<group>"; };
		2CD0E63614A2979A00AFDA37 /* KKNKikinApi.h */ = {isa = PBXFileReference; fileEncoding = 4; lastKnownFileType = sourcecode.c.h; path = KKNKikinApi.h; sourceTree = "<group>"; };
		2CD0E63714A2979A00AFDA37 /* KKNMultiOverlay.h */ = {isa = PBXFileReference; fileEncoding = 4; lastKnownFileType = sourcecode.c.h; path = KKNMultiOverlay.h; sourceTree = "<group>"; };
		2CD0E63814A2979A00AFDA37 /* KKNOverlay.h */ = {isa = PBXFileReference; fileEncoding = 4; lastKnownFileType = sourcecode.c.h; path = KKNOverlay.h; sourceTree = "<group>"; };
		2CD0E63914A2979A00AFDA37 /* KKNRawEntity.h */ = {isa = PBXFileReference; fileEncoding = 4; lastKnownFileType = sourcecode.c.h; path = KKNRawEntity.h; sourceTree = "<group>"; };
		2CD0E63A14A2979A00AFDA37 /* KKNRawRect.h */ = {isa = PBXFileReference; fileEncoding = 4; lastKnownFileType = sourcecode.c.h; path = KKNRawRect.h; sourceTree = "<group>"; };
		2CD0E63B14A2979A00AFDA37 /* KKNResultsController.h */ = {isa = PBXFileReference; fileEncoding = 4; lastKnownFileType = sourcecode.c.h; path = KKNResultsController.h; sourceTree = "<group>"; };
		2CD0E63C14A2979A00AFDA37 /* KKNSelection.h */ = {isa = PBXFileReference; fileEncoding = 4; lastKnownFileType = sourcecode.c.h; path = KKNSelection.h; sourceTree = "<group>"; };
		2CD0E63D14A2979A00AFDA37 /* KKNSelectionContextProtocol.h */ = {isa = PBXFileReference; fileEncoding = 4; lastKnownFileType = sourcecode.c.h; path = KKNSelectionContextProtocol.h; sourceTree = "<group>"; };
		2CD0E63E14A2979A00AFDA37 /* KKNTapAndHoldGesture.h */ = {isa = PBXFileReference; fileEncoding = 4; lastKnownFileType = sourcecode.c.h; path = KKNTapAndHoldGesture.h; sourceTree = "<group>"; };
		2CD0E63F14A2979A00AFDA37 /* KKNTapAndHoldGestureDelegate.h */ = {isa = PBXFileReference; fileEncoding = 4; lastKnownFileType = sourcecode.c.h; path = KKNTapAndHoldGestureDelegate.h; sourceTree = "<group>"; };
		2CD0E64014A2979A00AFDA37 /* KKNTextAnalyser.h */ = {isa = PBXFileReference; fileEncoding = 4; lastKnownFileType = sourcecode.c.h; path = KKNTextAnalyser.h; sourceTree = "<group>"; };
		2CD0E64114A2979A00AFDA37 /* ReadMe.h */ = {isa = PBXFileReference; fileEncoding = 4; lastKnownFileType = sourcecode.c.h; path = ReadMe.h; sourceTree = "<group>"; };
		2CD0E64514A29CC300AFDA37 /* Twitter.framework */ = {isa = PBXFileReference; lastKnownFileType = wrapper.framework; name = Twitter.framework; path = System/Library/Frameworks/Twitter.framework; sourceTree = SDKROOT; };
		2CD0E64714A29CD000AFDA37 /* Accounts.framework */ = {isa = PBXFileReference; lastKnownFileType = wrapper.framework; name = Accounts.framework; path = System/Library/Frameworks/Accounts.framework; sourceTree = SDKROOT; };
		2CD0E64914A29CE300AFDA37 /* CoreText.framework */ = {isa = PBXFileReference; lastKnownFileType = wrapper.framework; name = CoreText.framework; path = System/Library/Frameworks/CoreText.framework; sourceTree = SDKROOT; };
		2CD0E64B14A29CEB00AFDA37 /* CFNetwork.framework */ = {isa = PBXFileReference; lastKnownFileType = wrapper.framework; name = CFNetwork.framework; path = System/Library/Frameworks/CFNetwork.framework; sourceTree = SDKROOT; };
		2CD0E64D14A29CF300AFDA37 /* AVFoundation.framework */ = {isa = PBXFileReference; lastKnownFileType = wrapper.framework; name = AVFoundation.framework; path = System/Library/Frameworks/AVFoundation.framework; sourceTree = SDKROOT; };
		2CD0E64F14A29CFB00AFDA37 /* AddressBookUI.framework */ = {isa = PBXFileReference; lastKnownFileType = wrapper.framework; name = AddressBookUI.framework; path = System/Library/Frameworks/AddressBookUI.framework; sourceTree = SDKROOT; };
		2CD0E65114A29D0600AFDA37 /* AddressBook.framework */ = {isa = PBXFileReference; lastKnownFileType = wrapper.framework; name = AddressBook.framework; path = System/Library/Frameworks/AddressBook.framework; sourceTree = SDKROOT; };
		2CD0E65314A29D0C00AFDA37 /* MapKit.framework */ = {isa = PBXFileReference; lastKnownFileType = wrapper.framework; name = MapKit.framework; path = System/Library/Frameworks/MapKit.framework; sourceTree = SDKROOT; };
		2CD0E65514A29D1300AFDA37 /* MessageUI.framework */ = {isa = PBXFileReference; lastKnownFileType = wrapper.framework; name = MessageUI.framework; path = System/Library/Frameworks/MessageUI.framework; sourceTree = SDKROOT; };
		2CD0E65714A29D1A00AFDA37 /* MobileCoreServices.framework */ = {isa = PBXFileReference; lastKnownFileType = wrapper.framework; name = MobileCoreServices.framework; path = System/Library/Frameworks/MobileCoreServices.framework; sourceTree = SDKROOT; };
		2CD0E65914A29D2100AFDA37 /* QuartzCore.framework */ = {isa = PBXFileReference; lastKnownFileType = wrapper.framework; name = QuartzCore.framework; path = System/Library/Frameworks/QuartzCore.framework; sourceTree = SDKROOT; };
		2CD0E65B14A29D2800AFDA37 /* CoreLocation.framework */ = {isa = PBXFileReference; lastKnownFileType = wrapper.framework; name = CoreLocation.framework; path = System/Library/Frameworks/CoreLocation.framework; sourceTree = SDKROOT; };
		2CD0E65D14A29D2F00AFDA37 /* EventKit.framework */ = {isa = PBXFileReference; lastKnownFileType = wrapper.framework; name = EventKit.framework; path = System/Library/Frameworks/EventKit.framework; sourceTree = SDKROOT; };
		2CD0E65F14A29D3B00AFDA37 /* libz.dylib */ = {isa = PBXFileReference; lastKnownFileType = "compiled.mach-o.dylib"; name = libz.dylib; path = usr/lib/libz.dylib; sourceTree = SDKROOT; };
		4C65F2E912085ACE00606CFC /* GTMNSString+HTML.h */ = {isa = PBXFileReference; fileEncoding = 4; lastKnownFileType = sourcecode.c.h; path = "GTMNSString+HTML.h"; sourceTree = "<group>"; };
		4C65F2EA12085ACE00606CFC /* GTMNSString+HTML.m */ = {isa = PBXFileReference; fileEncoding = 4; lastKnownFileType = sourcecode.c.objc; path = "GTMNSString+HTML.m"; sourceTree = "<group>"; };
		4C65F316120863F800606CFC /* NSString+HTML.h */ = {isa = PBXFileReference; fileEncoding = 4; lastKnownFileType = sourcecode.c.h; path = "NSString+HTML.h"; sourceTree = "<group>"; };
		4C65F317120863F800606CFC /* NSString+HTML.m */ = {isa = PBXFileReference; fileEncoding = 4; lastKnownFileType = sourcecode.c.objc; path = "NSString+HTML.m"; sourceTree = "<group>"; };
		4C661F42125E3F2D007F1792 /* NSDate+InternetDateTime.h */ = {isa = PBXFileReference; fileEncoding = 4; lastKnownFileType = sourcecode.c.h; path = "NSDate+InternetDateTime.h"; sourceTree = "<group>"; };
		4C661F43125E3F2D007F1792 /* NSDate+InternetDateTime.m */ = {isa = PBXFileReference; fileEncoding = 4; lastKnownFileType = sourcecode.c.objc; path = "NSDate+InternetDateTime.m"; sourceTree = "<group>"; };
		4C661F8A125E50FA007F1792 /* Icon.png */ = {isa = PBXFileReference; lastKnownFileType = image.png; path = Icon.png; sourceTree = "<group>"; };
		4CAA79C911A406890009078E /* MWFeedParser_Private.h */ = {isa = PBXFileReference; fileEncoding = 4; lastKnownFileType = sourcecode.c.h; path = MWFeedParser_Private.h; sourceTree = "<group>"; };
		4CAD0E1011DA03BD0086F5F8 /* DetailTableViewController.h */ = {isa = PBXFileReference; fileEncoding = 4; lastKnownFileType = sourcecode.c.h; path = DetailTableViewController.h; sourceTree = "<group>"; };
		4CAD0E1111DA03BD0086F5F8 /* DetailTableViewController.m */ = {isa = PBXFileReference; fileEncoding = 4; lastKnownFileType = sourcecode.c.objc; path = DetailTableViewController.m; sourceTree = "<group>"; };
		4CC89603119F0CED00ED61B6 /* MWFeedParser.h */ = {isa = PBXFileReference; fileEncoding = 4; lastKnownFileType = sourcecode.c.h; path = MWFeedParser.h; sourceTree = "<group>"; };
		4CC89604119F0CED00ED61B6 /* MWFeedParser.m */ = {isa = PBXFileReference; fileEncoding = 4; lastKnownFileType = sourcecode.c.objc; path = MWFeedParser.m; sourceTree = "<group>"; };
		4CC89605119F0CED00ED61B6 /* MWFeedInfo.h */ = {isa = PBXFileReference; fileEncoding = 4; lastKnownFileType = sourcecode.c.h; path = MWFeedInfo.h; sourceTree = "<group>"; };
		4CC89606119F0CED00ED61B6 /* MWFeedInfo.m */ = {isa = PBXFileReference; fileEncoding = 4; lastKnownFileType = sourcecode.c.objc; path = MWFeedInfo.m; sourceTree = "<group>"; };
		4CC89607119F0CED00ED61B6 /* MWFeedItem.h */ = {isa = PBXFileReference; fileEncoding = 4; lastKnownFileType = sourcecode.c.h; path = MWFeedItem.h; sourceTree = "<group>"; };
		4CC89608119F0CED00ED61B6 /* MWFeedItem.m */ = {isa = PBXFileReference; fileEncoding = 4; lastKnownFileType = sourcecode.c.objc; path = MWFeedItem.m; sourceTree = "<group>"; };
		4CC8960D119F0CFB00ED61B6 /* NSString+XMLEntities.h */ = {isa = PBXFileReference; fileEncoding = 4; lastKnownFileType = sourcecode.c.h; path = "NSString+XMLEntities.h"; sourceTree = "<group>"; };
		4CC8960E119F0CFB00ED61B6 /* NSString+XMLEntities.m */ = {isa = PBXFileReference; fileEncoding = 4; lastKnownFileType = sourcecode.c.objc; path = "NSString+XMLEntities.m"; sourceTree = "<group>"; };
		4CC89610119F0D0C00ED61B6 /* RootViewController.h */ = {isa = PBXFileReference; fileEncoding = 4; lastKnownFileType = sourcecode.c.h; path = RootViewController.h; sourceTree = "<group>"; };
		4CC89611119F0D0C00ED61B6 /* RootViewController.m */ = {isa = PBXFileReference; fileEncoding = 4; lastKnownFileType = sourcecode.c.objc; path = RootViewController.m; sourceTree = "<group>"; };
		8D1107310486CEB800E47090 /* MWFeedParser-Info.plist */ = {isa = PBXFileReference; fileEncoding = 4; lastKnownFileType = text.plist.xml; path = "MWFeedParser-Info.plist"; plistStructureDefinitionIdentifier = "com.apple.xcode.plist.structure-definition.iphone.info-plist"; sourceTree = "<group>"; };
/* End PBXFileReference section */

/* Begin PBXFrameworksBuildPhase section */
		1D60588F0D05DD3D006BFB54 /* Frameworks */ = {
			isa = PBXFrameworksBuildPhase;
			buildActionMask = 2147483647;
			files = (
				2CD0E66014A29D3B00AFDA37 /* libz.dylib in Frameworks */,
				2CD0E65E14A29D2F00AFDA37 /* EventKit.framework in Frameworks */,
				2CD0E65C14A29D2800AFDA37 /* CoreLocation.framework in Frameworks */,
				2CD0E65A14A29D2100AFDA37 /* QuartzCore.framework in Frameworks */,
				2CD0E65814A29D1A00AFDA37 /* MobileCoreServices.framework in Frameworks */,
				2CD0E65614A29D1300AFDA37 /* MessageUI.framework in Frameworks */,
				2CD0E65414A29D0C00AFDA37 /* MapKit.framework in Frameworks */,
				2CD0E65214A29D0600AFDA37 /* AddressBook.framework in Frameworks */,
				2CD0E65014A29CFB00AFDA37 /* AddressBookUI.framework in Frameworks */,
				2CD0E64E14A29CF300AFDA37 /* AVFoundation.framework in Frameworks */,
				2CD0E64C14A29CEB00AFDA37 /* CFNetwork.framework in Frameworks */,
				2CD0E64A14A29CE300AFDA37 /* CoreText.framework in Frameworks */,
				2CD0E64814A29CD000AFDA37 /* Accounts.framework in Frameworks */,
				2CD0E64614A29CC300AFDA37 /* Twitter.framework in Frameworks */,
				1D60589F0D05DD5A006BFB54 /* Foundation.framework in Frameworks */,
				1DF5F4E00D08C38300B7A737 /* UIKit.framework in Frameworks */,
				2892E4100DC94CBA00A64D0F /* CoreGraphics.framework in Frameworks */,
				2CD0E64214A2979A00AFDA37 /* KikinSdk.a in Frameworks */,
			);
			runOnlyForDeploymentPostprocessing = 0;
		};
/* End PBXFrameworksBuildPhase section */

/* Begin PBXGroup section */
		080E96DDFE201D6D7F000001 /* Classes */ = {
			isa = PBXGroup;
			children = (
				4CC89620119F0D1E00ED61B6 /* App */,
				4CC89602119F0CDE00ED61B6 /* MWFeedParser */,
				4CC8960C119F0CF000ED61B6 /* Categories */,
			);
			path = Classes;
			sourceTree = "<group>";
		};
		19C28FACFE9D520D11CA2CBB /* Products */ = {
			isa = PBXGroup;
			children = (
				1D6058910D05DD3D006BFB54 /* MWFeedParser.app */,
			);
			name = Products;
			sourceTree = "<group>";
		};
		29B97314FDCFA39411CA2CEA /* CustomTemplate */ = {
			isa = PBXGroup;
			children = (
				2CD0E62D14A2979A00AFDA37 /* KikinSdk */,
				080E96DDFE201D6D7F000001 /* Classes */,
				29B97315FDCFA39411CA2CEA /* Other Sources */,
				29B97317FDCFA39411CA2CEA /* Resources */,
				2C801B0A14A2B23300A14ED1 /* iPad */,
				29B97323FDCFA39411CA2CEA /* Frameworks */,
				19C28FACFE9D520D11CA2CBB /* Products */,
			);
			name = CustomTemplate;
			sourceTree = "<group>";
		};
		29B97315FDCFA39411CA2CEA /* Other Sources */ = {
			isa = PBXGroup;
			children = (
				28A0AAE50D9B0CCF005BE974 /* MWFeedParser_Prefix.pch */,
				29B97316FDCFA39411CA2CEA /* main.m */,
			);
			name = "Other Sources";
			sourceTree = "<group>";
		};
		29B97317FDCFA39411CA2CEA /* Resources */ = {
			isa = PBXGroup;
			children = (
				2C801B1B14A9228D00A14ED1 /* Icon_57x57.png */,
				2C801B1C14A9228D00A14ED1 /* Icon_72x72.png */,
				4C661F8A125E50FA007F1792 /* Icon.png */,
				28F335F01007B36200424DE2 /* RootViewController.xib */,
				28AD735F0D9D9599002E5188 /* MainWindow.xib */,
				8D1107310486CEB800E47090 /* MWFeedParser-Info.plist */,
			);
			name = Resources;
			sourceTree = "<group>";
		};
		29B97323FDCFA39411CA2CEA /* Frameworks */ = {
			isa = PBXGroup;
			children = (
				2CD0E65F14A29D3B00AFDA37 /* libz.dylib */,
				2CD0E65D14A29D2F00AFDA37 /* EventKit.framework */,
				2CD0E65B14A29D2800AFDA37 /* CoreLocation.framework */,
				2CD0E65914A29D2100AFDA37 /* QuartzCore.framework */,
				2CD0E65714A29D1A00AFDA37 /* MobileCoreServices.framework */,
				2CD0E65514A29D1300AFDA37 /* MessageUI.framework */,
				2CD0E65314A29D0C00AFDA37 /* MapKit.framework */,
				2CD0E65114A29D0600AFDA37 /* AddressBook.framework */,
				2CD0E64F14A29CFB00AFDA37 /* AddressBookUI.framework */,
				2CD0E64D14A29CF300AFDA37 /* AVFoundation.framework */,
				2CD0E64B14A29CEB00AFDA37 /* CFNetwork.framework */,
				2CD0E64914A29CE300AFDA37 /* CoreText.framework */,
				2CD0E64714A29CD000AFDA37 /* Accounts.framework */,
				2CD0E64514A29CC300AFDA37 /* Twitter.framework */,
				1DF5F4DF0D08C38300B7A737 /* UIKit.framework */,
				1D30AB110D05D00D00671497 /* Foundation.framework */,
				2892E40F0DC94CBA00A64D0F /* CoreGraphics.framework */,
			);
			name = Frameworks;
			sourceTree = "<group>";
		};
		2C801B0A14A2B23300A14ED1 /* iPad */ = {
			isa = PBXGroup;
			children = (
				2C801B0B14A2B23600A14ED1 /* MainWindow-iPad.xib */,
			);
			name = iPad;
			sourceTree = "<group>";
		};
		2CD0E62D14A2979A00AFDA37 /* KikinSdk */ = {
			isa = PBXGroup;
			children = (
				2CD0E62E14A2979A00AFDA37 /* KikinSdk.a */,
				2CD0E62F14A2979A00AFDA37 /* KikinSdk.bundle */,
				2CD0E63014A2979A00AFDA37 /* KKNAnalyserEntity.h */,
				2CD0E63114A2979A00AFDA37 /* KKNExtract.h */,
				2CD0E63214A2979A00AFDA37 /* KKNHighlightedViewConfig.h */,
				2CD0E63314A2979A00AFDA37 /* KKNHighlightManager.h */,
				2CD0E63414A2979A00AFDA37 /* KKNHighlightManagerActionDelegate.h */,
				2CD0E63514A2979A00AFDA37 /* KKNHighlightManagerDelegate.h */,
				2CD0E63614A2979A00AFDA37 /* KKNKikinApi.h */,
				2CD0E63714A2979A00AFDA37 /* KKNMultiOverlay.h */,
				2CD0E63814A2979A00AFDA37 /* KKNOverlay.h */,
				2CD0E63914A2979A00AFDA37 /* KKNRawEntity.h */,
				2CD0E63A14A2979A00AFDA37 /* KKNRawRect.h */,
				2CD0E63B14A2979A00AFDA37 /* KKNResultsController.h */,
				2CD0E63C14A2979A00AFDA37 /* KKNSelection.h */,
				2CD0E63D14A2979A00AFDA37 /* KKNSelectionContextProtocol.h */,
				2CD0E63E14A2979A00AFDA37 /* KKNTapAndHoldGesture.h */,
				2CD0E63F14A2979A00AFDA37 /* KKNTapAndHoldGestureDelegate.h */,
				2CD0E64014A2979A00AFDA37 /* KKNTextAnalyser.h */,
				2CD0E64114A2979A00AFDA37 /* ReadMe.h */,
			);
			path = KikinSdk;
			sourceTree = "<group>";
		};
		4C65F30F12085FF400606CFC /* Google Toolbox for Mac */ = {
			isa = PBXGroup;
			children = (
				4C65F2E912085ACE00606CFC /* GTMNSString+HTML.h */,
				4C65F2EA12085ACE00606CFC /* GTMNSString+HTML.m */,
			);
			name = "Google Toolbox for Mac";
			sourceTree = "<group>";
		};
		4C65F3151208638600606CFC /* Depreciated */ = {
			isa = PBXGroup;
			children = (
				4CC8960D119F0CFB00ED61B6 /* NSString+XMLEntities.h */,
				4CC8960E119F0CFB00ED61B6 /* NSString+XMLEntities.m */,
			);
			name = Depreciated;
			sourceTree = "<group>";
		};
		4CC89602119F0CDE00ED61B6 /* MWFeedParser */ = {
			isa = PBXGroup;
			children = (
				4CC89603119F0CED00ED61B6 /* MWFeedParser.h */,
				4CAA79C911A406890009078E /* MWFeedParser_Private.h */,
				4CC89604119F0CED00ED61B6 /* MWFeedParser.m */,
				4CC89605119F0CED00ED61B6 /* MWFeedInfo.h */,
				4CC89606119F0CED00ED61B6 /* MWFeedInfo.m */,
				4CC89607119F0CED00ED61B6 /* MWFeedItem.h */,
				4CC89608119F0CED00ED61B6 /* MWFeedItem.m */,
			);
			name = MWFeedParser;
			sourceTree = "<group>";
		};
		4CC8960C119F0CF000ED61B6 /* Categories */ = {
			isa = PBXGroup;
			children = (
				4C65F316120863F800606CFC /* NSString+HTML.h */,
				4C65F317120863F800606CFC /* NSString+HTML.m */,
				4C661F42125E3F2D007F1792 /* NSDate+InternetDateTime.h */,
				4C661F43125E3F2D007F1792 /* NSDate+InternetDateTime.m */,
				4C65F30F12085FF400606CFC /* Google Toolbox for Mac */,
				4C65F3151208638600606CFC /* Depreciated */,
			);
			name = Categories;
			sourceTree = "<group>";
		};
		4CC89620119F0D1E00ED61B6 /* App */ = {
			isa = PBXGroup;
			children = (
				1D3623240D0F684500981E51 /* MWFeedParserAppDelegate.h */,
				1D3623250D0F684500981E51 /* MWFeedParserAppDelegate.m */,
				4CC89610119F0D0C00ED61B6 /* RootViewController.h */,
				4CC89611119F0D0C00ED61B6 /* RootViewController.m */,
				4CAD0E1011DA03BD0086F5F8 /* DetailTableViewController.h */,
				4CAD0E1111DA03BD0086F5F8 /* DetailTableViewController.m */,
				2C801B1514A40B8800A14ED1 /* WebViewController.h */,
				2C801B1614A40B8800A14ED1 /* WebViewController.m */,
			);
			name = App;
			sourceTree = "<group>";
		};
/* End PBXGroup section */

/* Begin PBXNativeTarget section */
		1D6058900D05DD3D006BFB54 /* MWFeedParser */ = {
			isa = PBXNativeTarget;
			buildConfigurationList = 1D6058960D05DD3E006BFB54 /* Build configuration list for PBXNativeTarget "MWFeedParser" */;
			buildPhases = (
				1D60588D0D05DD3D006BFB54 /* Resources */,
				1D60588E0D05DD3D006BFB54 /* Sources */,
				1D60588F0D05DD3D006BFB54 /* Frameworks */,
			);
			buildRules = (
			);
			dependencies = (
			);
			name = MWFeedParser;
			productName = MWFeedParser;
			productReference = 1D6058910D05DD3D006BFB54 /* MWFeedParser.app */;
			productType = "com.apple.product-type.application";
		};
/* End PBXNativeTarget section */

/* Begin PBXProject section */
		29B97313FDCFA39411CA2CEA /* Project object */ = {
			isa = PBXProject;
			attributes = {
				LastUpgradeCheck = 0420;
				ORGANIZATIONNAME = "Michael Waterfall";
			};
			buildConfigurationList = C01FCF4E08A954540054247B /* Build configuration list for PBXProject "MWFeedParser" */;
			compatibilityVersion = "Xcode 3.2";
			developmentRegion = English;
			hasScannedForEncodings = 1;
			knownRegions = (
				English,
				Japanese,
				French,
				German,
				en,
			);
			mainGroup = 29B97314FDCFA39411CA2CEA /* CustomTemplate */;
			projectDirPath = "";
			projectRoot = "";
			targets = (
				1D6058900D05DD3D006BFB54 /* MWFeedParser */,
			);
		};
/* End PBXProject section */

/* Begin PBXResourcesBuildPhase section */
		1D60588D0D05DD3D006BFB54 /* Resources */ = {
			isa = PBXResourcesBuildPhase;
			buildActionMask = 2147483647;
			files = (
				28AD73600D9D9599002E5188 /* MainWindow.xib in Resources */,
				28F335F11007B36200424DE2 /* RootViewController.xib in Resources */,
				4C661F8B125E50FA007F1792 /* Icon.png in Resources */,
				2CD0E64314A2979A00AFDA37 /* KikinSdk.bundle in Resources */,
				2C801B0C14A2B23600A14ED1 /* MainWindow-iPad.xib in Resources */,
				2C801B1D14A9228D00A14ED1 /* Icon_57x57.png in Resources */,
				2C801B1E14A9228D00A14ED1 /* Icon_72x72.png in Resources */,
			);
			runOnlyForDeploymentPostprocessing = 0;
		};
/* End PBXResourcesBuildPhase section */

/* Begin PBXSourcesBuildPhase section */
		1D60588E0D05DD3D006BFB54 /* Sources */ = {
			isa = PBXSourcesBuildPhase;
			buildActionMask = 2147483647;
			files = (
				1D60589B0D05DD56006BFB54 /* main.m in Sources */,
				1D3623260D0F684500981E51 /* MWFeedParserAppDelegate.m in Sources */,
				4CC89609119F0CED00ED61B6 /* MWFeedParser.m in Sources */,
				4CC8960A119F0CED00ED61B6 /* MWFeedInfo.m in Sources */,
				4CC8960B119F0CED00ED61B6 /* MWFeedItem.m in Sources */,
				4CC8960F119F0CFB00ED61B6 /* NSString+XMLEntities.m in Sources */,
				4CC89612119F0D0C00ED61B6 /* RootViewController.m in Sources */,
				4CAD0E1211DA03BD0086F5F8 /* DetailTableViewController.m in Sources */,
				4C65F2EB12085ACE00606CFC /* GTMNSString+HTML.m in Sources */,
				4C65F318120863F800606CFC /* NSString+HTML.m in Sources */,
				4C661F44125E3F2D007F1792 /* NSDate+InternetDateTime.m in Sources */,
				2C801B1814A40B8800A14ED1 /* WebViewController.m in Sources */,
			);
			runOnlyForDeploymentPostprocessing = 0;
		};
/* End PBXSourcesBuildPhase section */

/* Begin XCBuildConfiguration section */
		1D6058940D05DD3E006BFB54 /* Debug */ = {
			isa = XCBuildConfiguration;
			buildSettings = {
				ALWAYS_SEARCH_USER_PATHS = NO;
				COPY_PHASE_STRIP = NO;
				GCC_DYNAMIC_NO_PIC = NO;
				GCC_OPTIMIZATION_LEVEL = 0;
				GCC_PRECOMPILE_PREFIX_HEADER = YES;
				GCC_PREFIX_HEADER = MWFeedParser_Prefix.pch;
				GCC_VERSION = com.apple.compilers.llvm.clang.1_0;
				INFOPLIST_FILE = "MWFeedParser-Info.plist";
				IPHONEOS_DEPLOYMENT_TARGET = 5.0;
				LIBRARY_SEARCH_PATHS = (
					"$(inherited)",
					"\"$(SRCROOT)/KikinSdk\"",
				);
				PRODUCT_NAME = MWFeedParser;
				SDKROOT = iphoneos5.0;
				TARGETED_DEVICE_FAMILY = "1,2";
				VALIDATE_PRODUCT = NO;
			};
			name = Debug;
		};
		1D6058950D05DD3E006BFB54 /* Release */ = {
			isa = XCBuildConfiguration;
			buildSettings = {
				ALWAYS_SEARCH_USER_PATHS = NO;
				COPY_PHASE_STRIP = YES;
				GCC_PRECOMPILE_PREFIX_HEADER = YES;
				GCC_PREFIX_HEADER = MWFeedParser_Prefix.pch;
				GCC_VERSION = com.apple.compilers.llvm.clang.1_0;
				INFOPLIST_FILE = "MWFeedParser-Info.plist";
				IPHONEOS_DEPLOYMENT_TARGET = 5.0;
				LIBRARY_SEARCH_PATHS = (
					"$(inherited)",
					"\"$(SRCROOT)/KikinSdk\"",
				);
				PRODUCT_NAME = MWFeedParser;
				SDKROOT = iphoneos5.0;
				TARGETED_DEVICE_FAMILY = "1,2";
				VALIDATE_PRODUCT = NO;
			};
			name = Release;
		};
		C01FCF4F08A954540054247B /* Debug */ = {
			isa = XCBuildConfiguration;
			buildSettings = {
				ARCHS = "$(ARCHS_STANDARD_32_BIT)";
				CODE_SIGN_IDENTITY = "";
				GCC_C_LANGUAGE_STANDARD = c99;
				GCC_VERSION = "";
				GCC_WARN_ABOUT_RETURN_TYPE = YES;
				GCC_WARN_UNUSED_VARIABLE = YES;
				IPHONEOS_DEPLOYMENT_TARGET = 5.0;
				OTHER_LDFLAGS = "-ObjC";
				SDKROOT = iphoneos;
			};
			name = Debug;
		};
		C01FCF5008A954540054247B /* Release */ = {
			isa = XCBuildConfiguration;
			buildSettings = {
				ARCHS = "$(ARCHS_STANDARD_32_BIT)";
				CODE_SIGN_IDENTITY = "";
				GCC_C_LANGUAGE_STANDARD = c99;
				GCC_VERSION = "";
				GCC_WARN_ABOUT_RETURN_TYPE = YES;
				GCC_WARN_UNUSED_VARIABLE = YES;
				IPHONEOS_DEPLOYMENT_TARGET = 5.0;
				OTHER_CFLAGS = "-DNS_BLOCK_ASSERTIONS=1";
				OTHER_LDFLAGS = "-ObjC";
				SDKROOT = iphoneos;
			};
			name = Release;
		};
/* End XCBuildConfiguration section */

/* Begin XCConfigurationList section */
		1D6058960D05DD3E006BFB54 /* Build configuration list for PBXNativeTarget "MWFeedParser" */ = {
			isa = XCConfigurationList;
			buildConfigurations = (
				1D6058940D05DD3E006BFB54 /* Debug */,
				1D6058950D05DD3E006BFB54 /* Release */,
			);
			defaultConfigurationIsVisible = 0;
			defaultConfigurationName = Debug;
		};
		C01FCF4E08A954540054247B /* Build configuration list for PBXProject "MWFeedParser" */ = {
			isa = XCConfigurationList;
			buildConfigurations = (
				C01FCF4F08A954540054247B /* Debug */,
				C01FCF5008A954540054247B /* Release */,
			);
			defaultConfigurationIsVisible = 0;
			defaultConfigurationName = Debug;
		};
/* End XCConfigurationList section */
	};
	rootObject = 29B97313FDCFA39411CA2CEA /* Project object */;
}
